
Microsoft Visual Studio Solution File, Format Version 12.00
# Visual Studio Version 17
VisualStudioVersion = 17.3.32922.545
MinimumVisualStudioVersion = 10.0.40219.1
Project("{FAE04EC0-301F-11D3-BF4B-00C04F79EFBC}") = "InlamningBackend", "InlamningBackend\InlamningBackend.csproj", "{0205F7C4-C571-4C10-A77E-3B8C15BDC570}"
EndProject
Global
	GlobalSection(SolutionConfigurationPlatforms) = preSolution
		Debug|Any CPU = Debug|Any CPU
		Release|Any CPU = Release|Any CPU
	EndGlobalSection
	GlobalSection(ProjectConfigurationPlatforms) = postSolution
		{0205F7C4-C571-4C10-A77E-3B8C15BDC570}.Debug|Any CPU.ActiveCfg = Debug|Any CPU
		{0205F7C4-C571-4C10-A77E-3B8C15BDC570}.Debug|Any CPU.Build.0 = Debug|Any CPU
		{0205F7C4-C571-4C10-A77E-3B8C15BDC570}.Release|Any CPU.ActiveCfg = Release|Any CPU
		{0205F7C4-C571-4C10-A77E-3B8C15BDC570}.Release|Any CPU.Build.0 = Release|Any CPU
	EndGlobalSection
	GlobalSection(SolutionProperties) = preSolution
		HideSolutionNode = FALSE
	EndGlobalSection
	GlobalSection(ExtensibilityGlobals) = postSolution
		SolutionGuid = {DC1909D7-CE44-4DF4-9887-CB980ECA5A7B}
	EndGlobalSection
EndGlobal
